
Microsoft Visual Studio Solution File, Format Version 12.00
# Visual Studio Version 17
VisualStudioVersion = 17.0.31903.59
MinimumVisualStudioVersion = 10.0.40219.1
Project("{2150E333-8FDC-42A3-9474-1A3956D46DE8}") = "Solution Items", "Solution Items", "{D753D21B-AB95-4016-A3C4-A10FCBC64477}"
	ProjectSection(SolutionItems) = preProject
		.editorconfig = .editorconfig
	EndProjectSection
EndProject
Project("{9A19103F-16F7-4668-BE54-9A1E7A4F7556}") = "LexicalAnalyzer", "LexicalAnalyzer\LexicalAnalyzer.csproj", "{9F12B22C-288D-423E-B16B-DFF81682EC48}"
EndProject
Project("{9A19103F-16F7-4668-BE54-9A1E7A4F7556}") = "SyntaxAnalyzer", "SyntaxAnalyzer\SyntaxAnalyzer.csproj", "{D52A1D9D-6B85-4DB8-A047-3E549576CAB9}"
EndProject
Project("{9A19103F-16F7-4668-BE54-9A1E7A4F7556}") = "LexicalAnalyzerTest", "LexicalAnalyzerTest\LexicalAnalyzerTest.csproj", "{0B6FB73B-98A3-4A67-9D4F-D8983395AB59}"
EndProject
Project("{9A19103F-16F7-4668-BE54-9A1E7A4F7556}") = "SyntaxAnalyzerTest", "SyntaxAnalyzerTest\SyntaxAnalyzerTest.csproj", "{FAA0025A-30C1-4FD9-B406-0E2E1F7754E3}"
EndProject
Project("{9A19103F-16F7-4668-BE54-9A1E7A4F7556}") = "RegularExpression", "RegularExpression\RegularExpression.csproj", "{7EAE4213-DF3D-44E7-8638-661E27CC5347}"
EndProject
Project("{9A19103F-16F7-4668-BE54-9A1E7A4F7556}") = "RegularExpressionTest", "RegularExpressionTest\RegularExpressionTest.csproj", "{2960052A-CA8F-4602-8DC7-5600D211A79D}"
EndProject
Project("{9A19103F-16F7-4668-BE54-9A1E7A4F7556}") = "ArithmeticExpression", "ArithmeticExpression\ArithmeticExpression.csproj", "{FD94EAB6-16E8-4A94-AB5D-22618F364B58}"
EndProject
Project("{9A19103F-16F7-4668-BE54-9A1E7A4F7556}") = "ArithmeticExpressionTest", "ArithmeticExpressionTest\ArithmeticExpressionTest.csproj", "{E6187813-999C-4421-8D96-BC4639504D1A}"
EndProject
Project("{FAE04EC0-301F-11D3-BF4B-00C04F79EFBC}") = "Example", "Example\Example.csproj", "{1C2CA90B-3DC5-4B23-9B9A-C7CBDC1A81E3}"
EndProject
Global
	GlobalSection(SolutionConfigurationPlatforms) = preSolution
		Debug|Any CPU = Debug|Any CPU
		Release|Any CPU = Release|Any CPU
	EndGlobalSection
	GlobalSection(ProjectConfigurationPlatforms) = postSolution
		{9F12B22C-288D-423E-B16B-DFF81682EC48}.Debug|Any CPU.ActiveCfg = Debug|Any CPU
		{9F12B22C-288D-423E-B16B-DFF81682EC48}.Debug|Any CPU.Build.0 = Debug|Any CPU
		{9F12B22C-288D-423E-B16B-DFF81682EC48}.Release|Any CPU.ActiveCfg = Release|Any CPU
		{9F12B22C-288D-423E-B16B-DFF81682EC48}.Release|Any CPU.Build.0 = Release|Any CPU
		{D52A1D9D-6B85-4DB8-A047-3E549576CAB9}.Debug|Any CPU.ActiveCfg = Debug|Any CPU
		{D52A1D9D-6B85-4DB8-A047-3E549576CAB9}.Debug|Any CPU.Build.0 = Debug|Any CPU
		{D52A1D9D-6B85-4DB8-A047-3E549576CAB9}.Release|Any CPU.ActiveCfg = Release|Any CPU
		{D52A1D9D-6B85-4DB8-A047-3E549576CAB9}.Release|Any CPU.Build.0 = Release|Any CPU
		{0B6FB73B-98A3-4A67-9D4F-D8983395AB59}.Debug|Any CPU.ActiveCfg = Debug|Any CPU
		{0B6FB73B-98A3-4A67-9D4F-D8983395AB59}.Debug|Any CPU.Build.0 = Debug|Any CPU
		{0B6FB73B-98A3-4A67-9D4F-D8983395AB59}.Release|Any CPU.ActiveCfg = Release|Any CPU
		{0B6FB73B-98A3-4A67-9D4F-D8983395AB59}.Release|Any CPU.Build.0 = Release|Any CPU
		{FAA0025A-30C1-4FD9-B406-0E2E1F7754E3}.Debug|Any CPU.ActiveCfg = Debug|Any CPU
		{FAA0025A-30C1-4FD9-B406-0E2E1F7754E3}.Debug|Any CPU.Build.0 = Debug|Any CPU
		{FAA0025A-30C1-4FD9-B406-0E2E1F7754E3}.Release|Any CPU.ActiveCfg = Release|Any CPU
		{FAA0025A-30C1-4FD9-B406-0E2E1F7754E3}.Release|Any CPU.Build.0 = Release|Any CPU
		{7EAE4213-DF3D-44E7-8638-661E27CC5347}.Debug|Any CPU.ActiveCfg = Debug|Any CPU
		{7EAE4213-DF3D-44E7-8638-661E27CC5347}.Debug|Any CPU.Build.0 = Debug|Any CPU
		{7EAE4213-DF3D-44E7-8638-661E27CC5347}.Release|Any CPU.ActiveCfg = Release|Any CPU
		{7EAE4213-DF3D-44E7-8638-661E27CC5347}.Release|Any CPU.Build.0 = Release|Any CPU
		{2960052A-CA8F-4602-8DC7-5600D211A79D}.Debug|Any CPU.ActiveCfg = Debug|Any CPU
		{2960052A-CA8F-4602-8DC7-5600D211A79D}.Debug|Any CPU.Build.0 = Debug|Any CPU
		{2960052A-CA8F-4602-8DC7-5600D211A79D}.Release|Any CPU.ActiveCfg = Release|Any CPU
		{2960052A-CA8F-4602-8DC7-5600D211A79D}.Release|Any CPU.Build.0 = Release|Any CPU
		{FD94EAB6-16E8-4A94-AB5D-22618F364B58}.Debug|Any CPU.ActiveCfg = Debug|Any CPU
		{FD94EAB6-16E8-4A94-AB5D-22618F364B58}.Debug|Any CPU.Build.0 = Debug|Any CPU
		{FD94EAB6-16E8-4A94-AB5D-22618F364B58}.Release|Any CPU.ActiveCfg = Release|Any CPU
		{FD94EAB6-16E8-4A94-AB5D-22618F364B58}.Release|Any CPU.Build.0 = Release|Any CPU
		{E6187813-999C-4421-8D96-BC4639504D1A}.Debug|Any CPU.ActiveCfg = Debug|Any CPU
		{E6187813-999C-4421-8D96-BC4639504D1A}.Debug|Any CPU.Build.0 = Debug|Any CPU
		{E6187813-999C-4421-8D96-BC4639504D1A}.Release|Any CPU.ActiveCfg = Release|Any CPU
		{E6187813-999C-4421-8D96-BC4639504D1A}.Release|Any CPU.Build.0 = Release|Any CPU
		{1C2CA90B-3DC5-4B23-9B9A-C7CBDC1A81E3}.Debug|Any CPU.ActiveCfg = Debug|Any CPU
		{1C2CA90B-3DC5-4B23-9B9A-C7CBDC1A81E3}.Debug|Any CPU.Build.0 = Debug|Any CPU
		{1C2CA90B-3DC5-4B23-9B9A-C7CBDC1A81E3}.Release|Any CPU.ActiveCfg = Release|Any CPU
		{1C2CA90B-3DC5-4B23-9B9A-C7CBDC1A81E3}.Release|Any CPU.Build.0 = Release|Any CPU
	EndGlobalSection
	GlobalSection(SolutionProperties) = preSolution
		HideSolutionNode = FALSE
	EndGlobalSection
	GlobalSection(ExtensibilityGlobals) = postSolution
		SolutionGuid = {4DF33782-D8AF-4253-870B-5E567EA35D52}
	EndGlobalSection
EndGlobal
